
Microsoft Visual Studio Solution File, Format Version 12.00
# Visual Studio Version 16
VisualStudioVersion = 16.0.29911.84
MinimumVisualStudioVersion = 10.0.40219.1
Project("{9A19103F-16F7-4668-BE54-9A1E7A4F7556}") = "WorkingWithVisualStudio", "WorkingWithVisualStudio\WorkingWithVisualStudio.csproj", "{BCBEA3D4-A9CA-4597-BCB8-35FB59031726}"
EndProject
Project("{FAE04EC0-301F-11D3-BF4B-00C04F79EFBC}") = "WorkingWithVisualStudio.Tests", "WorkingWithVisualStudio.Tests\WorkingWithVisualStudio.Tests.csproj", "{CCBCC7BC-4C25-4E22-B543-25BF468DB46A}"
EndProject
Global
	GlobalSection(SolutionConfigurationPlatforms) = preSolution
		Debug|Any CPU = Debug|Any CPU
		Release|Any CPU = Release|Any CPU
	EndGlobalSection
	GlobalSection(ProjectConfigurationPlatforms) = postSolution
		{BCBEA3D4-A9CA-4597-BCB8-35FB59031726}.Debug|Any CPU.ActiveCfg = Debug|Any CPU
		{BCBEA3D4-A9CA-4597-BCB8-35FB59031726}.Debug|Any CPU.Build.0 = Debug|Any CPU
		{BCBEA3D4-A9CA-4597-BCB8-35FB59031726}.Release|Any CPU.ActiveCfg = Release|Any CPU
		{BCBEA3D4-A9CA-4597-BCB8-35FB59031726}.Release|Any CPU.Build.0 = Release|Any CPU
		{CCBCC7BC-4C25-4E22-B543-25BF468DB46A}.Debug|Any CPU.ActiveCfg = Debug|Any CPU
		{CCBCC7BC-4C25-4E22-B543-25BF468DB46A}.Debug|Any CPU.Build.0 = Debug|Any CPU
		{CCBCC7BC-4C25-4E22-B543-25BF468DB46A}.Release|Any CPU.ActiveCfg = Release|Any CPU
		{CCBCC7BC-4C25-4E22-B543-25BF468DB46A}.Release|Any CPU.Build.0 = Release|Any CPU
	EndGlobalSection
	GlobalSection(SolutionProperties) = preSolution
		HideSolutionNode = FALSE
	EndGlobalSection
	GlobalSection(ExtensibilityGlobals) = postSolution
		SolutionGuid = {44112B36-EC7A-4B11-9D77-6416A1C7C070}
	EndGlobalSection
EndGlobal
