
Microsoft Visual Studio Solution File, Format Version 12.00
# Visual Studio Version 16
VisualStudioVersion = 16.0.29911.84
MinimumVisualStudioVersion = 10.0.40219.1
Project("{FAE04EC0-301F-11D3-BF4B-00C04F79EFBC}") = "PartyInvites", "PartyInvites\PartyInvites.csproj", "{86DB2A00-960C-4F6B-A0DA-C3EFE4358AB5}"
EndProject
Global
	GlobalSection(SolutionConfigurationPlatforms) = preSolution
		Debug|Any CPU = Debug|Any CPU
		Release|Any CPU = Release|Any CPU
	EndGlobalSection
	GlobalSection(ProjectConfigurationPlatforms) = postSolution
		{86DB2A00-960C-4F6B-A0DA-C3EFE4358AB5}.Debug|Any CPU.ActiveCfg = Debug|Any CPU
		{86DB2A00-960C-4F6B-A0DA-C3EFE4358AB5}.Debug|Any CPU.Build.0 = Debug|Any CPU
		{86DB2A00-960C-4F6B-A0DA-C3EFE4358AB5}.Release|Any CPU.ActiveCfg = Release|Any CPU
		{86DB2A00-960C-4F6B-A0DA-C3EFE4358AB5}.Release|Any CPU.Build.0 = Release|Any CPU
	EndGlobalSection
	GlobalSection(SolutionProperties) = preSolution
		HideSolutionNode = FALSE
	EndGlobalSection
	GlobalSection(ExtensibilityGlobals) = postSolution
		SolutionGuid = {967242E5-141C-4CF5-8021-4CEBFB1BFBEC}
	EndGlobalSection
EndGlobal
